
Microsoft Visual Studio Solution File, Format Version 12.00
# Visual Studio Version 16
VisualStudioVersion = 16.0.30907.101
MinimumVisualStudioVersion = 10.0.40219.1
Project("{FAE04EC0-301F-11D3-BF4B-00C04F79EFBC}") = "CalculatorView", "CalculatorView\CalculatorView.csproj", "{52A35EFA-32B6-4053-A9B5-3AA81A51047E}"
EndProject
Global
	GlobalSection(SolutionConfigurationPlatforms) = preSolution
		Debug|Any CPU = Debug|Any CPU
		Release|Any CPU = Release|Any CPU
	EndGlobalSection
	GlobalSection(ProjectConfigurationPlatforms) = postSolution
		{52A35EFA-32B6-4053-A9B5-3AA81A51047E}.Debug|Any CPU.ActiveCfg = Debug|Any CPU
		{52A35EFA-32B6-4053-A9B5-3AA81A51047E}.Debug|Any CPU.Build.0 = Debug|Any CPU
		{52A35EFA-32B6-4053-A9B5-3AA81A51047E}.Release|Any CPU.ActiveCfg = Release|Any CPU
		{52A35EFA-32B6-4053-A9B5-3AA81A51047E}.Release|Any CPU.Build.0 = Release|Any CPU
	EndGlobalSection
	GlobalSection(SolutionProperties) = preSolution
		HideSolutionNode = FALSE
	EndGlobalSection
	GlobalSection(ExtensibilityGlobals) = postSolution
		SolutionGuid = {A1BC7053-481E-46F4-8434-90915ADB7772}
	EndGlobalSection
EndGlobal
